// !$*UTF8*$!
{
	archiveVersion = 1;
	classes = {
	};
	objectVersion = 46;
	objects = {

/* Begin PBXBuildFile section */
		84A5E8811CE0D6D5004ED04F /* main.m in Sources */ = {isa = PBXBuildFile; fileRef = 84A5E8801CE0D6D5004ED04F /* main.m */; };
		84A5E8841CE0D6D5004ED04F /* AppDelegate.m in Sources */ = {isa = PBXBuildFile; fileRef = 84A5E8831CE0D6D5004ED04F /* AppDelegate.m */; };
		84A5E88A1CE0D6D5004ED04F /* Main.storyboard in Resources */ = {isa = PBXBuildFile; fileRef = 84A5E8881CE0D6D5004ED04F /* Main.storyboard */; };
		84A5E88D1CE0D6D5004ED04F /* StudentsDataBase.xcdatamodeld in Sources */ = {isa = PBXBuildFile; fileRef = 84A5E88B1CE0D6D5004ED04F /* StudentsDataBase.xcdatamodeld */; };
		84A5E88F1CE0D6D6004ED04F /* Assets.xcassets in Resources */ = {isa = PBXBuildFile; fileRef = 84A5E88E1CE0D6D6004ED04F /* Assets.xcassets */; };
		84A5E8921CE0D6D6004ED04F /* LaunchScreen.storyboard in Resources */ = {isa = PBXBuildFile; fileRef = 84A5E8901CE0D6D6004ED04F /* LaunchScreen.storyboard */; };
		84A5E8EA1CE0EBAD004ED04F /* AEDataManager.m in Sources */ = {isa = PBXBuildFile; fileRef = 84A5E8E91CE0EBAD004ED04F /* AEDataManager.m */; };
		84A5E8F31CE0EDEF004ED04F /* AEObject.m in Sources */ = {isa = PBXBuildFile; fileRef = 84A5E8F11CE0EDEF004ED04F /* AEObject.m */; };
		84A5E9011CE0EE19004ED04F /* AEUniversity.m in Sources */ = {isa = PBXBuildFile; fileRef = 84A5E8F71CE0EE19004ED04F /* AEUniversity.m */; };
		84A5E9051CE0EE19004ED04F /* AECourse.m in Sources */ = {isa = PBXBuildFile; fileRef = 84A5E8FF1CE0EE19004ED04F /* AECourse.m */; };
		84A5E9141CE0EFA8004ED04F /* AEStudent.m in Sources */ = {isa = PBXBuildFile; fileRef = 84A5E9131CE0EFA8004ED04F /* AEStudent.m */; };
		84A5E9171CE0F03F004ED04F /* AECar.m in Sources */ = {isa = PBXBuildFile; fileRef = 84A5E9161CE0F03F004ED04F /* AECar.m */; };
		84A5E91A1CE1156F004ED04F /* UniversitiesViewController.m in Sources */ = {isa = PBXBuildFile; fileRef = 84A5E9191CE1156F004ED04F /* UniversitiesViewController.m */; };
		84A5E91F1CE115F7004ED04F /* StudentsTableViewController.m in Sources */ = {isa = PBXBuildFile; fileRef = 84A5E91E1CE115F7004ED04F /* StudentsTableViewController.m */; };
		84A5E94B1CE119C1004ED04F /* CoreDataViewController.m in Sources */ = {isa = PBXBuildFile; fileRef = 84A5E94A1CE119C1004ED04F /* CoreDataViewController.m */; };
		84A5E94E1CE13B11004ED04F /* StudentDetailViewController.m in Sources */ = {isa = PBXBuildFile; fileRef = 84A5E94D1CE13B11004ED04F /* StudentDetailViewController.m */; };
/* End PBXBuildFile section */

/* Begin PBXFileReference section */
		84A5E87C1CE0D6D4004ED04F /* StudentsDataBase.app */ = {isa = PBXFileReference; explicitFileType = wrapper.application; includeInIndex = 0; path = StudentsDataBase.app; sourceTree = BUILT_PRODUCTS_DIR; };
		84A5E8801CE0D6D5004ED04F /* main.m */ = {isa = PBXFileReference; lastKnownFileType = sourcecode.c.objc; path = main.m; sourceTree = "<group>"; };
		84A5E8821CE0D6D5004ED04F /* AppDelegate.h */ = {isa = PBXFileReference; lastKnownFileType = sourcecode.c.h; path = AppDelegate.h; sourceTree = "<group>"; };
		84A5E8831CE0D6D5004ED04F /* AppDelegate.m */ = {isa = PBXFileReference; lastKnownFileType = sourcecode.c.objc; path = AppDelegate.m; sourceTree = "<group>"; };
		84A5E8891CE0D6D5004ED04F /* Base */ = {isa = PBXFileReference; lastKnownFileType = file.storyboard; name = Base; path = Base.lproj/Main.storyboard; sourceTree = "<group>"; };
		84A5E88C1CE0D6D5004ED04F /* StudentsDataBase.xcdatamodel */ = {isa = PBXFileReference; lastKnownFileType = wrapper.xcdatamodel; path = StudentsDataBase.xcdatamodel; sourceTree = "<group>"; };
		84A5E88E1CE0D6D6004ED04F /* Assets.xcassets */ = {isa = PBXFileReference; lastKnownFileType = folder.assetcatalog; path = Assets.xcassets; sourceTree = "<group>"; };
		84A5E8911CE0D6D6004ED04F /* Base */ = {isa = PBXFileReference; lastKnownFileType = file.storyboard; name = Base; path = Base.lproj/LaunchScreen.storyboard; sourceTree = "<group>"; };
		84A5E8931CE0D6D6004ED04F /* Info.plist */ = {isa = PBXFileReference; lastKnownFileType = text.plist.xml; path = Info.plist; sourceTree = "<group>"; };
		84A5E8E81CE0EBAD004ED04F /* AEDataManager.h */ = {isa = PBXFileReference; fileEncoding = 4; lastKnownFileType = sourcecode.c.h; path = AEDataManager.h; sourceTree = "<group>"; };
		84A5E8E91CE0EBAD004ED04F /* AEDataManager.m */ = {isa = PBXFileReference; fileEncoding = 4; lastKnownFileType = sourcecode.c.objc; path = AEDataManager.m; sourceTree = "<group>"; };
		84A5E8F01CE0EDEF004ED04F /* AEObject.h */ = {isa = PBXFileReference; fileEncoding = 4; lastKnownFileType = sourcecode.c.h; name = AEObject.h; path = ../AEObject.h; sourceTree = "<group>"; };
		84A5E8F11CE0EDEF004ED04F /* AEObject.m */ = {isa = PBXFileReference; fileEncoding = 4; lastKnownFileType = sourcecode.c.objc; name = AEObject.m; path = ../AEObject.m; sourceTree = "<group>"; };
		84A5E8F61CE0EE19004ED04F /* AEUniversity.h */ = {isa = PBXFileReference; fileEncoding = 4; lastKnownFileType = sourcecode.c.h; path = AEUniversity.h; sourceTree = "<group>"; };
		84A5E8F71CE0EE19004ED04F /* AEUniversity.m */ = {isa = PBXFileReference; fileEncoding = 4; lastKnownFileType = sourcecode.c.objc; path = AEUniversity.m; sourceTree = "<group>"; };
		84A5E8FE1CE0EE19004ED04F /* AECourse.h */ = {isa = PBXFileReference; fileEncoding = 4; lastKnownFileType = sourcecode.c.h; path = AECourse.h; sourceTree = "<group>"; };
		84A5E8FF1CE0EE19004ED04F /* AECourse.m */ = {isa = PBXFileReference; fileEncoding = 4; lastKnownFileType = sourcecode.c.objc; path = AECourse.m; sourceTree = "<group>"; };
		84A5E9121CE0EFA8004ED04F /* AEStudent.h */ = {isa = PBXFileReference; fileEncoding = 4; lastKnownFileType = sourcecode.c.h; path = AEStudent.h; sourceTree = "<group>"; };
		84A5E9131CE0EFA8004ED04F /* AEStudent.m */ = {isa = PBXFileReference; fileEncoding = 4; lastKnownFileType = sourcecode.c.objc; path = AEStudent.m; sourceTree = "<group>"; };
		84A5E9151CE0F03F004ED04F /* AECar.h */ = {isa = PBXFileReference; fileEncoding = 4; lastKnownFileType = sourcecode.c.h; path = AECar.h; sourceTree = "<group>"; };
		84A5E9161CE0F03F004ED04F /* AECar.m */ = {isa = PBXFileReference; fileEncoding = 4; lastKnownFileType = sourcecode.c.objc; path = AECar.m; sourceTree = "<group>"; };
		84A5E9181CE1156F004ED04F /* UniversitiesViewController.h */ = {isa = PBXFileReference; fileEncoding = 4; lastKnownFileType = sourcecode.c.h; name = UniversitiesViewController.h; path = ../UniversitiesViewController.h; sourceTree = "<group>"; };
		84A5E9191CE1156F004ED04F /* UniversitiesViewController.m */ = {isa = PBXFileReference; fileEncoding = 4; lastKnownFileType = sourcecode.c.objc; name = UniversitiesViewController.m; path = ../UniversitiesViewController.m; sourceTree = "<group>"; };
		84A5E91D1CE115F7004ED04F /* StudentsTableViewController.h */ = {isa = PBXFileReference; fileEncoding = 4; lastKnownFileType = sourcecode.c.h; path = StudentsTableViewController.h; sourceTree = "<group>"; };
		84A5E91E1CE115F7004ED04F /* StudentsTableViewController.m */ = {isa = PBXFileReference; fileEncoding = 4; lastKnownFileType = sourcecode.c.objc; path = StudentsTableViewController.m; sourceTree = "<group>"; };
		84A5E9491CE119C1004ED04F /* CoreDataViewController.h */ = {isa = PBXFileReference; fileEncoding = 4; lastKnownFileType = sourcecode.c.h; path = CoreDataViewController.h; sourceTree = "<group>"; };
		84A5E94A1CE119C1004ED04F /* CoreDataViewController.m */ = {isa = PBXFileReference; fileEncoding = 4; lastKnownFileType = sourcecode.c.objc; path = CoreDataViewController.m; sourceTree = "<group>"; };
		84A5E94C1CE13B11004ED04F /* StudentDetailViewController.h */ = {isa = PBXFileReference; fileEncoding = 4; lastKnownFileType = sourcecode.c.h; path = StudentDetailViewController.h; sourceTree = "<group>"; };
		84A5E94D1CE13B11004ED04F /* StudentDetailViewController.m */ = {isa = PBXFileReference; fileEncoding = 4; lastKnownFileType = sourcecode.c.objc; path = StudentDetailViewController.m; sourceTree = "<group>"; };
/* End PBXFileReference section */

/* Begin PBXFrameworksBuildPhase section */
		84A5E8791CE0D6D3004ED04F /* Frameworks */ = {
			isa = PBXFrameworksBuildPhase;
			buildActionMask = 2147483647;
			files = (
			);
			runOnlyForDeploymentPostprocessing = 0;
		};
/* End PBXFrameworksBuildPhase section */

/* Begin PBXGroup section */
		84A5E8731CE0D6D3004ED04F = {
			isa = PBXGroup;
			children = (
				84A5E87E1CE0D6D5004ED04F /* StudentsDataBase */,
				84A5E87D1CE0D6D4004ED04F /* Products */,
			);
			sourceTree = "<group>";
		};
		84A5E87D1CE0D6D4004ED04F /* Products */ = {
			isa = PBXGroup;
			children = (
				84A5E87C1CE0D6D4004ED04F /* StudentsDataBase.app */,
			);
			name = Products;
			sourceTree = "<group>";
		};
		84A5E87E1CE0D6D5004ED04F /* StudentsDataBase */ = {
			isa = PBXGroup;
			children = (
				84A5E91B1CE11584004ED04F /* ViewControllers */,
				84A5E91C1CE11597004ED04F /* Classes */,
				84A5E89F1CE0D9A8004ED04F /* Entities classes */,
				84A5E8821CE0D6D5004ED04F /* AppDelegate.h */,
				84A5E8831CE0D6D5004ED04F /* AppDelegate.m */,
				84A5E8881CE0D6D5004ED04F /* Main.storyboard */,
				84A5E88E1CE0D6D6004ED04F /* Assets.xcassets */,
				84A5E8901CE0D6D6004ED04F /* LaunchScreen.storyboard */,
				84A5E8931CE0D6D6004ED04F /* Info.plist */,
				84A5E88B1CE0D6D5004ED04F /* StudentsDataBase.xcdatamodeld */,
				84A5E87F1CE0D6D5004ED04F /* Supporting Files */,
			);
			path = StudentsDataBase;
			sourceTree = "<group>";
		};
		84A5E87F1CE0D6D5004ED04F /* Supporting Files */ = {
			isa = PBXGroup;
			children = (
				84A5E8801CE0D6D5004ED04F /* main.m */,
			);
			name = "Supporting Files";
			sourceTree = "<group>";
		};
		84A5E89F1CE0D9A8004ED04F /* Entities classes */ = {
			isa = PBXGroup;
			children = (
				84A5E8F01CE0EDEF004ED04F /* AEObject.h */,
				84A5E8F11CE0EDEF004ED04F /* AEObject.m */,
				84A5E8F61CE0EE19004ED04F /* AEUniversity.h */,
				84A5E8F71CE0EE19004ED04F /* AEUniversity.m */,
				84A5E8FE1CE0EE19004ED04F /* AECourse.h */,
				84A5E8FF1CE0EE19004ED04F /* AECourse.m */,
				84A5E9121CE0EFA8004ED04F /* AEStudent.h */,
				84A5E9131CE0EFA8004ED04F /* AEStudent.m */,
				84A5E9151CE0F03F004ED04F /* AECar.h */,
				84A5E9161CE0F03F004ED04F /* AECar.m */,
			);
			name = "Entities classes";
			sourceTree = "<group>";
		};
		84A5E91B1CE11584004ED04F /* ViewControllers */ = {
			isa = PBXGroup;
			children = (
				84A5E9491CE119C1004ED04F /* CoreDataViewController.h */,
				84A5E94A1CE119C1004ED04F /* CoreDataViewController.m */,
				84A5E9181CE1156F004ED04F /* UniversitiesViewController.h */,
				84A5E9191CE1156F004ED04F /* UniversitiesViewController.m */,
				84A5E91D1CE115F7004ED04F /* StudentsTableViewController.h */,
				84A5E91E1CE115F7004ED04F /* StudentsTableViewController.m */,
				84A5E94C1CE13B11004ED04F /* StudentDetailViewController.h */,
				84A5E94D1CE13B11004ED04F /* StudentDetailViewController.m */,
			);
			name = ViewControllers;
			sourceTree = "<group>";
		};
		84A5E91C1CE11597004ED04F /* Classes */ = {
			isa = PBXGroup;
			children = (
				84A5E8E81CE0EBAD004ED04F /* AEDataManager.h */,
				84A5E8E91CE0EBAD004ED04F /* AEDataManager.m */,
			);
			name = Classes;
			sourceTree = "<group>";
		};
/* End PBXGroup section */

/* Begin PBXNativeTarget section */
		84A5E87B1CE0D6D3004ED04F /* StudentsDataBase */ = {
			isa = PBXNativeTarget;
			buildConfigurationList = 84A5E8961CE0D6D6004ED04F /* Build configuration list for PBXNativeTarget "StudentsDataBase" */;
			buildPhases = (
				84A5E8781CE0D6D3004ED04F /* Sources */,
				84A5E8791CE0D6D3004ED04F /* Frameworks */,
				84A5E87A1CE0D6D3004ED04F /* Resources */,
			);
			buildRules = (
			);
			dependencies = (
			);
			name = StudentsDataBase;
			productName = StudentsDataBase;
			productReference = 84A5E87C1CE0D6D4004ED04F /* StudentsDataBase.app */;
			productType = "com.apple.product-type.application";
		};
/* End PBXNativeTarget section */

/* Begin PBXProject section */
		84A5E8741CE0D6D3004ED04F /* Project object */ = {
			isa = PBXProject;
			attributes = {
				LastUpgradeCheck = 0730;
				ORGANIZATIONNAME = "Alina Egorova";
				TargetAttributes = {
					84A5E87B1CE0D6D3004ED04F = {
						CreatedOnToolsVersion = 7.3.1;
						DevelopmentTeam = 4YFHH255JS;
					};
				};
			};
			buildConfigurationList = 84A5E8771CE0D6D3004ED04F /* Build configuration list for PBXProject "StudentsDataBase" */;
			compatibilityVersion = "Xcode 3.2";
			developmentRegion = English;
			hasScannedForEncodings = 0;
			knownRegions = (
				en,
				Base,
			);
			mainGroup = 84A5E8731CE0D6D3004ED04F;
			productRefGroup = 84A5E87D1CE0D6D4004ED04F /* Products */;
			projectDirPath = "";
			projectRoot = "";
			targets = (
				84A5E87B1CE0D6D3004ED04F /* StudentsDataBase */,
			);
		};
/* End PBXProject section */

/* Begin PBXResourcesBuildPhase section */
		84A5E87A1CE0D6D3004ED04F /* Resources */ = {
			isa = PBXResourcesBuildPhase;
			buildActionMask = 2147483647;
			files = (
				84A5E8921CE0D6D6004ED04F /* LaunchScreen.storyboard in Resources */,
				84A5E88F1CE0D6D6004ED04F /* Assets.xcassets in Resources */,
				84A5E88A1CE0D6D5004ED04F /* Main.storyboard in Resources */,
			);
			runOnlyForDeploymentPostprocessing = 0;
		};
/* End PBXResourcesBuildPhase section */

/* Begin PBXSourcesBuildPhase section */
		84A5E8781CE0D6D3004ED04F /* Sources */ = {
			isa = PBXSourcesBuildPhase;
			buildActionMask = 2147483647;
			files = (
				84A5E88D1CE0D6D5004ED04F /* StudentsDataBase.xcdatamodeld in Sources */,
				84A5E9051CE0EE19004ED04F /* AECourse.m in Sources */,
				84A5E9171CE0F03F004ED04F /* AECar.m in Sources */,
				84A5E91F1CE115F7004ED04F /* StudentsTableViewController.m in Sources */,
				84A5E9141CE0EFA8004ED04F /* AEStudent.m in Sources */,
				84A5E94B1CE119C1004ED04F /* CoreDataViewController.m in Sources */,
				84A5E94E1CE13B11004ED04F /* StudentDetailViewController.m in Sources */,
				84A5E8EA1CE0EBAD004ED04F /* AEDataManager.m in Sources */,
				84A5E9011CE0EE19004ED04F /* AEUniversity.m in Sources */,
				84A5E91A1CE1156F004ED04F /* UniversitiesViewController.m in Sources */,
				84A5E8F31CE0EDEF004ED04F /* AEObject.m in Sources */,
				84A5E8841CE0D6D5004ED04F /* AppDelegate.m in Sources */,
				84A5E8811CE0D6D5004ED04F /* main.m in Sources */,
			);
			runOnlyForDeploymentPostprocessing = 0;
		};
/* End PBXSourcesBuildPhase section */

/* Begin PBXVariantGroup section */
		84A5E8881CE0D6D5004ED04F /* Main.storyboard */ = {
			isa = PBXVariantGroup;
			children = (
				84A5E8891CE0D6D5004ED04F /* Base */,
			);
			name = Main.storyboard;
			sourceTree = "<group>";
		};
		84A5E8901CE0D6D6004ED04F /* LaunchScreen.storyboard */ = {
			isa = PBXVariantGroup;
			children = (
				84A5E8911CE0D6D6004ED04F /* Base */,
			);
			name = LaunchScreen.storyboard;
			sourceTree = "<group>";
		};
/* End PBXVariantGroup section */

/* Begin XCBuildConfiguration section */
		84A5E8941CE0D6D6004ED04F /* Debug */ = {
			isa = XCBuildConfiguration;
			buildSettings = {
				ALWAYS_SEARCH_USER_PATHS = NO;
				CLANG_ANALYZER_NONNULL = YES;
				CLANG_CXX_LANGUAGE_STANDARD = "gnu++0x";
				CLANG_CXX_LIBRARY = "libc++";
				CLANG_ENABLE_MODULES = YES;
				CLANG_ENABLE_OBJC_ARC = YES;
				CLANG_WARN_BOOL_CONVERSION = YES;
				CLANG_WARN_CONSTANT_CONVERSION = YES;
				CLANG_WARN_DIRECT_OBJC_ISA_USAGE = YES_ERROR;
				CLANG_WARN_EMPTY_BODY = YES;
				CLANG_WARN_ENUM_CONVERSION = YES;
				CLANG_WARN_INT_CONVERSION = YES;
				CLANG_WARN_OBJC_ROOT_CLASS = YES_ERROR;
				CLANG_WARN_UNREACHABLE_CODE = YES;
				CLANG_WARN__DUPLICATE_METHOD_MATCH = YES;
				"CODE_SIGN_IDENTITY[sdk=iphoneos*]" = "iPhone Developer";
				COPY_PHASE_STRIP = NO;
				DEBUG_INFORMATION_FORMAT = dwarf;
				ENABLE_STRICT_OBJC_MSGSEND = YES;
				ENABLE_TESTABILITY = YES;
				GCC_C_LANGUAGE_STANDARD = gnu99;
				GCC_DYNAMIC_NO_PIC = NO;
				GCC_NO_COMMON_BLOCKS = YES;
				GCC_OPTIMIZATION_LEVEL = 0;
				GCC_PREPROCESSOR_DEFINITIONS = (
					"DEBUG=1",
					"$(inherited)",
				);
				GCC_WARN_64_TO_32_BIT_CONVERSION = YES;
				GCC_WARN_ABOUT_RETURN_TYPE = YES_ERROR;
				GCC_WARN_UNDECLARED_SELECTOR = YES;
				GCC_WARN_UNINITIALIZED_AUTOS = YES_AGGRESSIVE;
				GCC_WARN_UNUSED_FUNCTION = YES;
				GCC_WARN_UNUSED_VARIABLE = YES;
				IPHONEOS_DEPLOYMENT_TARGET = 9.3;
				MTL_ENABLE_DEBUG_INFO = YES;
				ONLY_ACTIVE_ARCH = YES;
				SDKROOT = iphoneos;
				TARGETED_DEVICE_FAMILY = "1,2";
			};
			name = Debug;
		};
		84A5E8951CE0D6D6004ED04F /* Release */ = {
			isa = XCBuildConfiguration;
			buildSettings = {
				ALWAYS_SEARCH_USER_PATHS = NO;
				CLANG_ANALYZER_NONNULL = YES;
				CLANG_CXX_LANGUAGE_STANDARD = "gnu++0x";
				CLANG_CXX_LIBRARY = "libc++";
				CLANG_ENABLE_MODULES = YES;
				CLANG_ENABLE_OBJC_ARC = YES;
				CLANG_WARN_BOOL_CONVERSION = YES;
				CLANG_WARN_CONSTANT_CONVERSION = YES;
				CLANG_WARN_DIRECT_OBJC_ISA_USAGE = YES_ERROR;
				CLANG_WARN_EMPTY_BODY = YES;
				CLANG_WARN_ENUM_CONVERSION = YES;
				CLANG_WARN_INT_CONVERSION = YES;
				CLANG_WARN_OBJC_ROOT_CLASS = YES_ERROR;
				CLANG_WARN_UNREACHABLE_CODE = YES;
				CLANG_WARN__DUPLICATE_METHOD_MATCH = YES;
				"CODE_SIGN_IDENTITY[sdk=iphoneos*]" = "iPhone Developer";
				COPY_PHASE_STRIP = NO;
				DEBUG_INFORMATION_FORMAT = "dwarf-with-dsym";
				ENABLE_NS_ASSERTIONS = NO;
				ENABLE_STRICT_OBJC_MSGSEND = YES;
				GCC_C_LANGUAGE_STANDARD = gnu99;
				GCC_NO_COMMON_BLOCKS = YES;
				GCC_WARN_64_TO_32_BIT_CONVERSION = YES;
				GCC_WARN_ABOUT_RETURN_TYPE = YES_ERROR;
				GCC_WARN_UNDECLARED_SELECTOR = YES;
				GCC_WARN_UNINITIALIZED_AUTOS = YES_AGGRESSIVE;
				GCC_WARN_UNUSED_FUNCTION = YES;
				GCC_WARN_UNUSED_VARIABLE = YES;
				IPHONEOS_DEPLOYMENT_TARGET = 9.3;
				MTL_ENABLE_DEBUG_INFO = NO;
				SDKROOT = iphoneos;
				TARGETED_DEVICE_FAMILY = "1,2";
				VALIDATE_PRODUCT = YES;
			};
			name = Release;
		};
		84A5E8971CE0D6D6004ED04F /* Debug */ = {
			isa = XCBuildConfiguration;
			buildSettings = {
				ASSETCATALOG_COMPILER_APPICON_NAME = AppIcon;
				INFOPLIST_FILE = StudentsDataBase/Info.plist;
				LD_RUNPATH_SEARCH_PATHS = "$(inherited) @executable_path/Frameworks";
				PRODUCT_BUNDLE_IDENTIFIER = AE.StudentsDataBase;
				PRODUCT_NAME = "$(TARGET_NAME)";
			};
			name = Debug;
		};
		84A5E8981CE0D6D6004ED04F /* Release */ = {
			isa = XCBuildConfiguration;
			buildSettings = {
				ASSETCATALOG_COMPILER_APPICON_NAME = AppIcon;
				INFOPLIST_FILE = StudentsDataBase/Info.plist;
				LD_RUNPATH_SEARCH_PATHS = "$(inherited) @executable_path/Frameworks";
				PRODUCT_BUNDLE_IDENTIFIER = AE.StudentsDataBase;
				PRODUCT_NAME = "$(TARGET_NAME)";
			};
			name = Release;
		};
/* End XCBuildConfiguration section */

/* Begin XCConfigurationList section */
		84A5E8771CE0D6D3004ED04F /* Build configuration list for PBXProject "StudentsDataBase" */ = {
			isa = XCConfigurationList;
			buildConfigurations = (
				84A5E8941CE0D6D6004ED04F /* Debug */,
				84A5E8951CE0D6D6004ED04F /* Release */,
			);
			defaultConfigurationIsVisible = 0;
			defaultConfigurationName = Release;
		};
		84A5E8961CE0D6D6004ED04F /* Build configuration list for PBXNativeTarget "StudentsDataBase" */ = {
			isa = XCConfigurationList;
			buildConfigurations = (
				84A5E8971CE0D6D6004ED04F /* Debug */,
				84A5E8981CE0D6D6004ED04F /* Release */,
			);
			defaultConfigurationIsVisible = 0;
		};
/* End XCConfigurationList section */

/* Begin XCVersionGroup section */
		84A5E88B1CE0D6D5004ED04F /* StudentsDataBase.xcdatamodeld */ = {
			isa = XCVersionGroup;
			children = (
				84A5E88C1CE0D6D5004ED04F /* StudentsDataBase.xcdatamodel */,
			);
			currentVersion = 84A5E88C1CE0D6D5004ED04F /* StudentsDataBase.xcdatamodel */;
			path = StudentsDataBase.xcdatamodeld;
			sourceTree = "<group>";
			versionGroupType = wrapper.xcdatamodel;
		};
/* End XCVersionGroup section */
	};
	rootObject = 84A5E8741CE0D6D3004ED04F /* Project object */;
}
